
Microsoft Visual Studio Solution File, Format Version 12.00
# Visual Studio 14
VisualStudioVersion = 14.0.25420.1
MinimumVisualStudioVersion = 10.0.40219.1
Project("{2150E333-8FDC-42A3-9474-1A3956D46DE8}") = "src", "src", "{2F756FF9-4766-497B-8CC4-D634BBC2A8B5}"
EndProject
Project("{2150E333-8FDC-42A3-9474-1A3956D46DE8}") = "Solution Items", "Solution Items", "{1BA8FDD0-EFD2-48E7-806B-C7517A465E6D}"
	ProjectSection(SolutionItems) = preProject
		global.json = global.json
	EndProjectSection
EndProject
Project("{8BB2217D-0F2D-49D1-97BC-3654ED321F3B}") = "SampleCoreApp.Api", "src\SampleCoreApp.Api\SampleCoreApp.Api.xproj", "{CD6F9A6E-E467-443D-98B6-34DCFE4B54DF}"
EndProject
Project("{8BB2217D-0F2D-49D1-97BC-3654ED321F3B}") = "SampleCoreApp.Domain", "src\SampleCoreApp.Domain\SampleCoreApp.Domain.xproj", "{042E4750-5512-4BD0-97C1-DFE15B6583F5}"
EndProject
Global
	GlobalSection(SolutionConfigurationPlatforms) = preSolution
		Debug|Any CPU = Debug|Any CPU
		Release|Any CPU = Release|Any CPU
	EndGlobalSection
	GlobalSection(ProjectConfigurationPlatforms) = postSolution
		{CD6F9A6E-E467-443D-98B6-34DCFE4B54DF}.Debug|Any CPU.ActiveCfg = Debug|Any CPU
		{CD6F9A6E-E467-443D-98B6-34DCFE4B54DF}.Debug|Any CPU.Build.0 = Debug|Any CPU
		{CD6F9A6E-E467-443D-98B6-34DCFE4B54DF}.Release|Any CPU.ActiveCfg = Release|Any CPU
		{CD6F9A6E-E467-443D-98B6-34DCFE4B54DF}.Release|Any CPU.Build.0 = Release|Any CPU
		{042E4750-5512-4BD0-97C1-DFE15B6583F5}.Debug|Any CPU.ActiveCfg = Debug|Any CPU
		{042E4750-5512-4BD0-97C1-DFE15B6583F5}.Debug|Any CPU.Build.0 = Debug|Any CPU
		{042E4750-5512-4BD0-97C1-DFE15B6583F5}.Release|Any CPU.ActiveCfg = Release|Any CPU
		{042E4750-5512-4BD0-97C1-DFE15B6583F5}.Release|Any CPU.Build.0 = Release|Any CPU
	EndGlobalSection
	GlobalSection(SolutionProperties) = preSolution
		HideSolutionNode = FALSE
	EndGlobalSection
	GlobalSection(NestedProjects) = preSolution
		{CD6F9A6E-E467-443D-98B6-34DCFE4B54DF} = {2F756FF9-4766-497B-8CC4-D634BBC2A8B5}
		{042E4750-5512-4BD0-97C1-DFE15B6583F5} = {2F756FF9-4766-497B-8CC4-D634BBC2A8B5}
	EndGlobalSection
EndGlobal
